
Microsoft Visual Studio Solution File, Format Version 12.00
# Visual Studio Version 17
VisualStudioVersion = 17.9.34701.34
MinimumVisualStudioVersion = 10.0.40219.1
Project("{FAE04EC0-301F-11D3-BF4B-00C04F79EFBC}") = "Loops", "Loops.csproj", "{AC30E795-455D-4DC0-B99A-936B4FAE069B}"
EndProject
Global
	GlobalSection(SolutionConfigurationPlatforms) = preSolution
		Debug|Any CPU = Debug|Any CPU
		Release|Any CPU = Release|Any CPU
	EndGlobalSection
	GlobalSection(ProjectConfigurationPlatforms) = postSolution
		{AC30E795-455D-4DC0-B99A-936B4FAE069B}.Debug|Any CPU.ActiveCfg = Debug|Any CPU
		{AC30E795-455D-4DC0-B99A-936B4FAE069B}.Debug|Any CPU.Build.0 = Debug|Any CPU
		{AC30E795-455D-4DC0-B99A-936B4FAE069B}.Release|Any CPU.ActiveCfg = Release|Any CPU
		{AC30E795-455D-4DC0-B99A-936B4FAE069B}.Release|Any CPU.Build.0 = Release|Any CPU
	EndGlobalSection
	GlobalSection(SolutionProperties) = preSolution
		HideSolutionNode = FALSE
	EndGlobalSection
	GlobalSection(ExtensibilityGlobals) = postSolution
		SolutionGuid = {7498FB87-F653-4618-BFD9-F03511559561}
	EndGlobalSection
EndGlobal
